
Microsoft Visual Studio Solution File, Format Version 12.00
# Visual Studio Version 17
VisualStudioVersion = 17.10.35013.160
MinimumVisualStudioVersion = 10.0.40219.1
Project("{FAE04EC0-301F-11D3-BF4B-00C04F79EFBC}") = "Auctions", "Auctions\Auctions.csproj", "{CAD6EF14-DA3F-4AC2-8C7A-BE90C6C6BF51}"
EndProject
Global
	GlobalSection(SolutionConfigurationPlatforms) = preSolution
		Debug|Any CPU = Debug|Any CPU
		Release|Any CPU = Release|Any CPU
	EndGlobalSection
	GlobalSection(ProjectConfigurationPlatforms) = postSolution
		{CAD6EF14-DA3F-4AC2-8C7A-BE90C6C6BF51}.Debug|Any CPU.ActiveCfg = Debug|Any CPU
		{CAD6EF14-DA3F-4AC2-8C7A-BE90C6C6BF51}.Debug|Any CPU.Build.0 = Debug|Any CPU
		{CAD6EF14-DA3F-4AC2-8C7A-BE90C6C6BF51}.Release|Any CPU.ActiveCfg = Release|Any CPU
		{CAD6EF14-DA3F-4AC2-8C7A-BE90C6C6BF51}.Release|Any CPU.Build.0 = Release|Any CPU
	EndGlobalSection
	GlobalSection(SolutionProperties) = preSolution
		HideSolutionNode = FALSE
	EndGlobalSection
	GlobalSection(ExtensibilityGlobals) = postSolution
		SolutionGuid = {EBAB4DA3-84E7-46B1-9F82-E885F9628F39}
	EndGlobalSection
EndGlobal
